{
  "name": "typescript-demo",
  "version": "1.0.0",
  "lockfileVersion": 3,
  "requires": true,
  "packages": {
    "": {
      "name": "typescript-demo",
      "version": "1.0.0",
      "license": "MIT",
      "dependencies": {
        "bulma": "^0.9.4",
        "bulma-slider": "^2.0.5"
      },
      "devDependencies": {
        "typescript": "^5.3.3"
      }
    },
    "node_modules/bulma": {
      "version": "0.9.4",
      "resolved": "https://registry.npmjs.org/bulma/-/bulma-0.9.4.tgz",
      "integrity": "sha512-86FlT5+1GrsgKbPLRRY7cGDg8fsJiP/jzTqXXVqiUZZ2aZT8uemEOHlU1CDU+TxklPEZ11HZNNWclRBBecP4CQ=="
    },
    "node_modules/bulma-slider": {
      "version": "2.0.5",
      "resolved": "https://registry.npmjs.org/bulma-slider/-/bulma-slider-2.0.5.tgz",
      "integrity": "sha512-6woD/1E7q1o5bfEaQjNqpWZaCItC1oHe9bN15WYB2ELqz2gDaJYZkf+rlozGpAYOXQGDQGCCv3y+QuKjx6sQuw=="
    },
    "node_modules/typescript": {
      "version": "5.3.3",
      "resolved": "https://registry.npmjs.org/typescript/-/typescript-5.3.3.tgz",
      "integrity": "sha512-pXWcraxM0uxAS+tN0AG/BF2TyqmHO014Z070UsJ+pFvYuRSq8KH8DmWpnbXe0pEPDHXZV3FcAbJkijJ5oNEnWw==",
      "dev": true,
      "bin": {
        "tsc": "bin/tsc",
        "tsserver": "bin/tsserver"
      },
      "engines": {
        "node": ">=14.17"
      }
    }
  }
}
